
Microsoft Visual Studio Solution File, Format Version 12.00
# Visual Studio Version 17
VisualStudioVersion = 17.1.32328.378
MinimumVisualStudioVersion = 10.0.40219.1
Project("{FAE04EC0-301F-11D3-BF4B-00C04F79EFBC}") = "DumpBooks", "DumpBooks\DumpBooks.csproj", "{5EDECB0B-1B74-4A06-AFC1-9F290BA6802B}"
EndProject
Global
	GlobalSection(SolutionConfigurationPlatforms) = preSolution
		Debug|Any CPU = Debug|Any CPU
		Release|Any CPU = Release|Any CPU
	EndGlobalSection
	GlobalSection(ProjectConfigurationPlatforms) = postSolution
		{5EDECB0B-1B74-4A06-AFC1-9F290BA6802B}.Debug|Any CPU.ActiveCfg = Debug|Any CPU
		{5EDECB0B-1B74-4A06-AFC1-9F290BA6802B}.Debug|Any CPU.Build.0 = Debug|Any CPU
		{5EDECB0B-1B74-4A06-AFC1-9F290BA6802B}.Release|Any CPU.ActiveCfg = Release|Any CPU
		{5EDECB0B-1B74-4A06-AFC1-9F290BA6802B}.Release|Any CPU.Build.0 = Release|Any CPU
	EndGlobalSection
	GlobalSection(SolutionProperties) = preSolution
		HideSolutionNode = FALSE
	EndGlobalSection
	GlobalSection(ExtensibilityGlobals) = postSolution
		SolutionGuid = {81A94981-A224-4503-870B-A31E3A0090D9}
	EndGlobalSection
EndGlobal
